
Microsoft Visual Studio Solution File, Format Version 12.00
# Visual Studio 2013
VisualStudioVersion = 12.0.31101.0
MinimumVisualStudioVersion = 10.0.40219.1
Project("{FAE04EC0-301F-11D3-BF4B-00C04F79EFBC}") = "Project_01", "Project_01\Project_01.csproj", "{EBDD3052-D559-4DF2-A2FF-52D44832789D}"
EndProject
Global
	GlobalSection(SolutionConfigurationPlatforms) = preSolution
		Debug|Any CPU = Debug|Any CPU
		Release|Any CPU = Release|Any CPU
	EndGlobalSection
	GlobalSection(ProjectConfigurationPlatforms) = postSolution
		{EBDD3052-D559-4DF2-A2FF-52D44832789D}.Debug|Any CPU.ActiveCfg = Debug|Any CPU
		{EBDD3052-D559-4DF2-A2FF-52D44832789D}.Debug|Any CPU.Build.0 = Debug|Any CPU
		{EBDD3052-D559-4DF2-A2FF-52D44832789D}.Release|Any CPU.ActiveCfg = Release|Any CPU
		{EBDD3052-D559-4DF2-A2FF-52D44832789D}.Release|Any CPU.Build.0 = Release|Any CPU
	EndGlobalSection
	GlobalSection(SolutionProperties) = preSolution
		HideSolutionNode = FALSE
	EndGlobalSection
EndGlobal
