
Microsoft Visual Studio Solution File, Format Version 12.00
# Visual Studio 14
VisualStudioVersion = 14.0.22609.0
MinimumVisualStudioVersion = 10.0.40219.1
Project("{FAE04EC0-301F-11D3-BF4B-00C04F79EFBC}") = "Project_09", "Project_09\Project_09.csproj", "{55B650A4-90E5-4A65-BA8C-81F3AF892005}"
EndProject
Global
	GlobalSection(SolutionConfigurationPlatforms) = preSolution
		Debug|Any CPU = Debug|Any CPU
		Release|Any CPU = Release|Any CPU
	EndGlobalSection
	GlobalSection(ProjectConfigurationPlatforms) = postSolution
		{55B650A4-90E5-4A65-BA8C-81F3AF892005}.Debug|Any CPU.ActiveCfg = Debug|Any CPU
		{55B650A4-90E5-4A65-BA8C-81F3AF892005}.Debug|Any CPU.Build.0 = Debug|Any CPU
		{55B650A4-90E5-4A65-BA8C-81F3AF892005}.Release|Any CPU.ActiveCfg = Release|Any CPU
		{55B650A4-90E5-4A65-BA8C-81F3AF892005}.Release|Any CPU.Build.0 = Release|Any CPU
	EndGlobalSection
	GlobalSection(SolutionProperties) = preSolution
		HideSolutionNode = FALSE
	EndGlobalSection
EndGlobal
